
Microsoft Visual Studio Solution File, Format Version 12.00
# Visual Studio 15
VisualStudioVersion = 15.0.27703.2042
MinimumVisualStudioVersion = 10.0.40219.1
Project("{FAE04EC0-301F-11D3-BF4B-00C04F79EFBC}") = "TestProject", "TestProject\TestProject.csproj", "{A22E89CD-FB50-4197-A959-AF9AE272DE07}"
EndProject
Global
	GlobalSection(SolutionConfigurationPlatforms) = preSolution
		Debug|Any CPU = Debug|Any CPU
		Release|Any CPU = Release|Any CPU
	EndGlobalSection
	GlobalSection(ProjectConfigurationPlatforms) = postSolution
		{A22E89CD-FB50-4197-A959-AF9AE272DE07}.Debug|Any CPU.ActiveCfg = Debug|Any CPU
		{A22E89CD-FB50-4197-A959-AF9AE272DE07}.Debug|Any CPU.Build.0 = Debug|Any CPU
		{A22E89CD-FB50-4197-A959-AF9AE272DE07}.Release|Any CPU.ActiveCfg = Release|Any CPU
		{A22E89CD-FB50-4197-A959-AF9AE272DE07}.Release|Any CPU.Build.0 = Release|Any CPU
	EndGlobalSection
	GlobalSection(SolutionProperties) = preSolution
		HideSolutionNode = FALSE
	EndGlobalSection
	GlobalSection(ExtensibilityGlobals) = postSolution
		SolutionGuid = {A6B1DD29-49A5-43D5-8BA7-233BF20B3323}
	EndGlobalSection
EndGlobal
